// !$*UTF8*$!
{
	archiveVersion = 1;
	classes = {
	};
	objectVersion = 46;
	objects = {

/* Begin PBXBuildFile section */
		26D03F0E1C385AF3004EA436 /* AppDelegate.swift in Sources */ = {isa = PBXBuildFile; fileRef = 26D03F0D1C385AF3004EA436 /* AppDelegate.swift */; };
		26D03F101C385AF3004EA436 /* ViewController.swift in Sources */ = {isa = PBXBuildFile; fileRef = 26D03F0F1C385AF3004EA436 /* ViewController.swift */; };
		26D03F131C385AF3004EA436 /* Main.storyboard in Resources */ = {isa = PBXBuildFile; fileRef = 26D03F111C385AF3004EA436 /* Main.storyboard */; };
		26D03F151C385AF3004EA436 /* Assets.xcassets in Resources */ = {isa = PBXBuildFile; fileRef = 26D03F141C385AF3004EA436 /* Assets.xcassets */; };
		26D03F181C385AF3004EA436 /* LaunchScreen.storyboard in Resources */ = {isa = PBXBuildFile; fileRef = 26D03F161C385AF3004EA436 /* LaunchScreen.storyboard */; };
		26D03F271C385B35004EA436 /* NotoSans-Bold.ttf in Resources */ = {isa = PBXBuildFile; fileRef = 26D03F231C385B35004EA436 /* NotoSans-Bold.ttf */; };
		26D03F281C385B35004EA436 /* NotoSans-BoldItalic.ttf in Resources */ = {isa = PBXBuildFile; fileRef = 26D03F241C385B35004EA436 /* NotoSans-BoldItalic.ttf */; };
		26D03F291C385B35004EA436 /* NotoSans-Italic.ttf in Resources */ = {isa = PBXBuildFile; fileRef = 26D03F251C385B35004EA436 /* NotoSans-Italic.ttf */; };
		26D03F2A1C385B35004EA436 /* NotoSans-Regular.ttf in Resources */ = {isa = PBXBuildFile; fileRef = 26D03F261C385B35004EA436 /* NotoSans-Regular.ttf */; };
/* End PBXBuildFile section */

/* Begin PBXFileReference section */
		26D03F0A1C385AF3004EA436 /* digi-life-showcase.app */ = {isa = PBXFileReference; explicitFileType = wrapper.application; includeInIndex = 0; path = "digi-life-showcase.app"; sourceTree = BUILT_PRODUCTS_DIR; };
		26D03F0D1C385AF3004EA436 /* AppDelegate.swift */ = {isa = PBXFileReference; lastKnownFileType = sourcecode.swift; path = AppDelegate.swift; sourceTree = "<group>"; };
		26D03F0F1C385AF3004EA436 /* ViewController.swift */ = {isa = PBXFileReference; lastKnownFileType = sourcecode.swift; path = ViewController.swift; sourceTree = "<group>"; };
		26D03F121C385AF3004EA436 /* Base */ = {isa = PBXFileReference; lastKnownFileType = file.storyboard; name = Base; path = Base.lproj/Main.storyboard; sourceTree = "<group>"; };
		26D03F141C385AF3004EA436 /* Assets.xcassets */ = {isa = PBXFileReference; lastKnownFileType = folder.assetcatalog; path = Assets.xcassets; sourceTree = "<group>"; };
		26D03F171C385AF3004EA436 /* Base */ = {isa = PBXFileReference; lastKnownFileType = file.storyboard; name = Base; path = Base.lproj/LaunchScreen.storyboard; sourceTree = "<group>"; };
		26D03F191C385AF3004EA436 /* Info.plist */ = {isa = PBXFileReference; lastKnownFileType = text.plist.xml; path = Info.plist; sourceTree = "<group>"; };
		26D03F231C385B35004EA436 /* NotoSans-Bold.ttf */ = {isa = PBXFileReference; lastKnownFileType = file; path = "NotoSans-Bold.ttf"; sourceTree = "<group>"; };
		26D03F241C385B35004EA436 /* NotoSans-BoldItalic.ttf */ = {isa = PBXFileReference; lastKnownFileType = file; path = "NotoSans-BoldItalic.ttf"; sourceTree = "<group>"; };
		26D03F251C385B35004EA436 /* NotoSans-Italic.ttf */ = {isa = PBXFileReference; lastKnownFileType = file; path = "NotoSans-Italic.ttf"; sourceTree = "<group>"; };
		26D03F261C385B35004EA436 /* NotoSans-Regular.ttf */ = {isa = PBXFileReference; lastKnownFileType = file; path = "NotoSans-Regular.ttf"; sourceTree = "<group>"; };
/* End PBXFileReference section */

/* Begin PBXFrameworksBuildPhase section */
		26D03F071C385AF3004EA436 /* Frameworks */ = {
			isa = PBXFrameworksBuildPhase;
			buildActionMask = 2147483647;
			files = (
			);
			runOnlyForDeploymentPostprocessing = 0;
		};
/* End PBXFrameworksBuildPhase section */

/* Begin PBXGroup section */
		26D03F011C385AF3004EA436 = {
			isa = PBXGroup;
			children = (
				26D03F0C1C385AF3004EA436 /* digi-life-showcase */,
				26D03F0B1C385AF3004EA436 /* Products */,
			);
			sourceTree = "<group>";
		};
		26D03F0B1C385AF3004EA436 /* Products */ = {
			isa = PBXGroup;
			children = (
				26D03F0A1C385AF3004EA436 /* digi-life-showcase.app */,
			);
			name = Products;
			sourceTree = "<group>";
		};
		26D03F0C1C385AF3004EA436 /* digi-life-showcase */ = {
			isa = PBXGroup;
			children = (
				26D03F211C385B0F004EA436 /* Model */,
				26D03F201C385B0A004EA436 /* View */,
				26D03F1F1C385B03004EA436 /* Controller */,
				26D03F221C385B15004EA436 /* Resources */,
				26D03F0D1C385AF3004EA436 /* AppDelegate.swift */,
				26D03F0F1C385AF3004EA436 /* ViewController.swift */,
				26D03F111C385AF3004EA436 /* Main.storyboard */,
				26D03F141C385AF3004EA436 /* Assets.xcassets */,
				26D03F161C385AF3004EA436 /* LaunchScreen.storyboard */,
				26D03F191C385AF3004EA436 /* Info.plist */,
			);
			path = "digi-life-showcase";
			sourceTree = "<group>";
		};
		26D03F1F1C385B03004EA436 /* Controller */ = {
			isa = PBXGroup;
			children = (
			);
			name = Controller;
			sourceTree = "<group>";
		};
		26D03F201C385B0A004EA436 /* View */ = {
			isa = PBXGroup;
			children = (
			);
			name = View;
			sourceTree = "<group>";
		};
		26D03F211C385B0F004EA436 /* Model */ = {
			isa = PBXGroup;
			children = (
			);
			name = Model;
			sourceTree = "<group>";
		};
		26D03F221C385B15004EA436 /* Resources */ = {
			isa = PBXGroup;
			children = (
				26D03F231C385B35004EA436 /* NotoSans-Bold.ttf */,
				26D03F241C385B35004EA436 /* NotoSans-BoldItalic.ttf */,
				26D03F251C385B35004EA436 /* NotoSans-Italic.ttf */,
				26D03F261C385B35004EA436 /* NotoSans-Regular.ttf */,
			);
			name = Resources;
			sourceTree = "<group>";
		};
/* End PBXGroup section */

/* Begin PBXNativeTarget section */
		26D03F091C385AF3004EA436 /* digi-life-showcase */ = {
			isa = PBXNativeTarget;
			buildConfigurationList = 26D03F1C1C385AF3004EA436 /* Build configuration list for PBXNativeTarget "digi-life-showcase" */;
			buildPhases = (
				26D03F061C385AF3004EA436 /* Sources */,
				26D03F071C385AF3004EA436 /* Frameworks */,
				26D03F081C385AF3004EA436 /* Resources */,
			);
			buildRules = (
			);
			dependencies = (
			);
			name = "digi-life-showcase";
			productName = "digi-life-showcase";
			productReference = 26D03F0A1C385AF3004EA436 /* digi-life-showcase.app */;
			productType = "com.apple.product-type.application";
		};
/* End PBXNativeTarget section */

/* Begin PBXProject section */
		26D03F021C385AF3004EA436 /* Project object */ = {
			isa = PBXProject;
			attributes = {
				LastSwiftUpdateCheck = 0720;
				LastUpgradeCheck = 0720;
				ORGANIZATIONNAME = "Maynesoft LLC";
				TargetAttributes = {
					26D03F091C385AF3004EA436 = {
						CreatedOnToolsVersion = 7.2;
					};
				};
			};
			buildConfigurationList = 26D03F051C385AF3004EA436 /* Build configuration list for PBXProject "digi-life-showcase" */;
			compatibilityVersion = "Xcode 3.2";
			developmentRegion = English;
			hasScannedForEncodings = 0;
			knownRegions = (
				en,
				Base,
			);
			mainGroup = 26D03F011C385AF3004EA436;
			productRefGroup = 26D03F0B1C385AF3004EA436 /* Products */;
			projectDirPath = "";
			projectRoot = "";
			targets = (
				26D03F091C385AF3004EA436 /* digi-life-showcase */,
			);
		};
/* End PBXProject section */

/* Begin PBXResourcesBuildPhase section */
		26D03F081C385AF3004EA436 /* Resources */ = {
			isa = PBXResourcesBuildPhase;
			buildActionMask = 2147483647;
			files = (
				26D03F271C385B35004EA436 /* NotoSans-Bold.ttf in Resources */,
				26D03F181C385AF3004EA436 /* LaunchScreen.storyboard in Resources */,
				26D03F281C385B35004EA436 /* NotoSans-BoldItalic.ttf in Resources */,
				26D03F291C385B35004EA436 /* NotoSans-Italic.ttf in Resources */,
				26D03F151C385AF3004EA436 /* Assets.xcassets in Resources */,
				26D03F131C385AF3004EA436 /* Main.storyboard in Resources */,
				26D03F2A1C385B35004EA436 /* NotoSans-Regular.ttf in Resources */,
			);
			runOnlyForDeploymentPostprocessing = 0;
		};
/* End PBXResourcesBuildPhase section */

/* Begin PBXSourcesBuildPhase section */
		26D03F061C385AF3004EA436 /* Sources */ = {
			isa = PBXSourcesBuildPhase;
			buildActionMask = 2147483647;
			files = (
				26D03F101C385AF3004EA436 /* ViewController.swift in Sources */,
				26D03F0E1C385AF3004EA436 /* AppDelegate.swift in Sources */,
			);
			runOnlyForDeploymentPostprocessing = 0;
		};
/* End PBXSourcesBuildPhase section */

/* Begin PBXVariantGroup section */
		26D03F111C385AF3004EA436 /* Main.storyboard */ = {
			isa = PBXVariantGroup;
			children = (
				26D03F121C385AF3004EA436 /* Base */,
			);
			name = Main.storyboard;
			sourceTree = "<group>";
		};
		26D03F161C385AF3004EA436 /* LaunchScreen.storyboard */ = {
			isa = PBXVariantGroup;
			children = (
				26D03F171C385AF3004EA436 /* Base */,
			);
			name = LaunchScreen.storyboard;
			sourceTree = "<group>";
		};
/* End PBXVariantGroup section */

/* Begin XCBuildConfiguration section */
		26D03F1A1C385AF3004EA436 /* Debug */ = {
			isa = XCBuildConfiguration;
			buildSettings = {
				ALWAYS_SEARCH_USER_PATHS = NO;
				CLANG_CXX_LANGUAGE_STANDARD = "gnu++0x";
				CLANG_CXX_LIBRARY = "libc++";
				CLANG_ENABLE_MODULES = YES;
				CLANG_ENABLE_OBJC_ARC = YES;
				CLANG_WARN_BOOL_CONVERSION = YES;
				CLANG_WARN_CONSTANT_CONVERSION = YES;
				CLANG_WARN_DIRECT_OBJC_ISA_USAGE = YES_ERROR;
				CLANG_WARN_EMPTY_BODY = YES;
				CLANG_WARN_ENUM_CONVERSION = YES;
				CLANG_WARN_INT_CONVERSION = YES;
				CLANG_WARN_OBJC_ROOT_CLASS = YES_ERROR;
				CLANG_WARN_UNREACHABLE_CODE = YES;
				CLANG_WARN__DUPLICATE_METHOD_MATCH = YES;
				"CODE_SIGN_IDENTITY[sdk=iphoneos*]" = "iPhone Developer";
				COPY_PHASE_STRIP = NO;
				DEBUG_INFORMATION_FORMAT = dwarf;
				ENABLE_STRICT_OBJC_MSGSEND = YES;
				ENABLE_TESTABILITY = YES;
				GCC_C_LANGUAGE_STANDARD = gnu99;
				GCC_DYNAMIC_NO_PIC = NO;
				GCC_NO_COMMON_BLOCKS = YES;
				GCC_OPTIMIZATION_LEVEL = 0;
				GCC_PREPROCESSOR_DEFINITIONS = (
					"DEBUG=1",
					"$(inherited)",
				);
				GCC_WARN_64_TO_32_BIT_CONVERSION = YES;
				GCC_WARN_ABOUT_RETURN_TYPE = YES_ERROR;
				GCC_WARN_UNDECLARED_SELECTOR = YES;
				GCC_WARN_UNINITIALIZED_AUTOS = YES_AGGRESSIVE;
				GCC_WARN_UNUSED_FUNCTION = YES;
				GCC_WARN_UNUSED_VARIABLE = YES;
				IPHONEOS_DEPLOYMENT_TARGET = 9.2;
				MTL_ENABLE_DEBUG_INFO = YES;
				ONLY_ACTIVE_ARCH = YES;
				SDKROOT = iphoneos;
				SWIFT_OPTIMIZATION_LEVEL = "-Onone";
				TARGETED_DEVICE_FAMILY = "1,2";
			};
			name = Debug;
		};
		26D03F1B1C385AF3004EA436 /* Release */ = {
			isa = XCBuildConfiguration;
			buildSettings = {
				ALWAYS_SEARCH_USER_PATHS = NO;
				CLANG_CXX_LANGUAGE_STANDARD = "gnu++0x";
				CLANG_CXX_LIBRARY = "libc++";
				CLANG_ENABLE_MODULES = YES;
				CLANG_ENABLE_OBJC_ARC = YES;
				CLANG_WARN_BOOL_CONVERSION = YES;
				CLANG_WARN_CONSTANT_CONVERSION = YES;
				CLANG_WARN_DIRECT_OBJC_ISA_USAGE = YES_ERROR;
				CLANG_WARN_EMPTY_BODY = YES;
				CLANG_WARN_ENUM_CONVERSION = YES;
				CLANG_WARN_INT_CONVERSION = YES;
				CLANG_WARN_OBJC_ROOT_CLASS = YES_ERROR;
				CLANG_WARN_UNREACHABLE_CODE = YES;
				CLANG_WARN__DUPLICATE_METHOD_MATCH = YES;
				"CODE_SIGN_IDENTITY[sdk=iphoneos*]" = "iPhone Developer";
				COPY_PHASE_STRIP = NO;
				DEBUG_INFORMATION_FORMAT = "dwarf-with-dsym";
				ENABLE_NS_ASSERTIONS = NO;
				ENABLE_STRICT_OBJC_MSGSEND = YES;
				GCC_C_LANGUAGE_STANDARD = gnu99;
				GCC_NO_COMMON_BLOCKS = YES;
				GCC_WARN_64_TO_32_BIT_CONVERSION = YES;
				GCC_WARN_ABOUT_RETURN_TYPE = YES_ERROR;
				GCC_WARN_UNDECLARED_SELECTOR = YES;
				GCC_WARN_UNINITIALIZED_AUTOS = YES_AGGRESSIVE;
				GCC_WARN_UNUSED_FUNCTION = YES;
				GCC_WARN_UNUSED_VARIABLE = YES;
				IPHONEOS_DEPLOYMENT_TARGET = 9.2;
				MTL_ENABLE_DEBUG_INFO = NO;
				SDKROOT = iphoneos;
				TARGETED_DEVICE_FAMILY = "1,2";
				VALIDATE_PRODUCT = YES;
			};
			name = Release;
		};
		26D03F1D1C385AF3004EA436 /* Debug */ = {
			isa = XCBuildConfiguration;
			buildSettings = {
				ASSETCATALOG_COMPILER_APPICON_NAME = AppIcon;
				INFOPLIST_FILE = "digi-life-showcase/Info.plist";
				LD_RUNPATH_SEARCH_PATHS = "$(inherited) @executable_path/Frameworks";
				PRODUCT_BUNDLE_IDENTIFIER = "com.maynesoft.digi-life-showcase";
				PRODUCT_NAME = "$(TARGET_NAME)";
			};
			name = Debug;
		};
		26D03F1E1C385AF3004EA436 /* Release */ = {
			isa = XCBuildConfiguration;
			buildSettings = {
				ASSETCATALOG_COMPILER_APPICON_NAME = AppIcon;
				INFOPLIST_FILE = "digi-life-showcase/Info.plist";
				LD_RUNPATH_SEARCH_PATHS = "$(inherited) @executable_path/Frameworks";
				PRODUCT_BUNDLE_IDENTIFIER = "com.maynesoft.digi-life-showcase";
				PRODUCT_NAME = "$(TARGET_NAME)";
			};
			name = Release;
		};
/* End XCBuildConfiguration section */

/* Begin XCConfigurationList section */
		26D03F051C385AF3004EA436 /* Build configuration list for PBXProject "digi-life-showcase" */ = {
			isa = XCConfigurationList;
			buildConfigurations = (
				26D03F1A1C385AF3004EA436 /* Debug */,
				26D03F1B1C385AF3004EA436 /* Release */,
			);
			defaultConfigurationIsVisible = 0;
			defaultConfigurationName = Release;
		};
		26D03F1C1C385AF3004EA436 /* Build configuration list for PBXNativeTarget "digi-life-showcase" */ = {
			isa = XCConfigurationList;
			buildConfigurations = (
				26D03F1D1C385AF3004EA436 /* Debug */,
				26D03F1E1C385AF3004EA436 /* Release */,
			);
			defaultConfigurationIsVisible = 0;
		};
/* End XCConfigurationList section */
	};
	rootObject = 26D03F021C385AF3004EA436 /* Project object */;
}
