// !$*UTF8*$!
{
	archiveVersion = 1;
	classes = {
	};
	objectVersion = 46;
	objects = {

/* Begin PBXBuildFile section */
		2612E2CA1C387773000720CC /* DataService.swift in Sources */ = {isa = PBXBuildFile; fileRef = 2612E2C91C387773000720CC /* DataService.swift */; };
		26D03F0E1C385AF3004EA436 /* AppDelegate.swift in Sources */ = {isa = PBXBuildFile; fileRef = 26D03F0D1C385AF3004EA436 /* AppDelegate.swift */; };
		26D03F101C385AF3004EA436 /* ViewController.swift in Sources */ = {isa = PBXBuildFile; fileRef = 26D03F0F1C385AF3004EA436 /* ViewController.swift */; };
		26D03F131C385AF3004EA436 /* Main.storyboard in Resources */ = {isa = PBXBuildFile; fileRef = 26D03F111C385AF3004EA436 /* Main.storyboard */; };
		26D03F151C385AF3004EA436 /* Assets.xcassets in Resources */ = {isa = PBXBuildFile; fileRef = 26D03F141C385AF3004EA436 /* Assets.xcassets */; };
		26D03F181C385AF3004EA436 /* LaunchScreen.storyboard in Resources */ = {isa = PBXBuildFile; fileRef = 26D03F161C385AF3004EA436 /* LaunchScreen.storyboard */; };
		26D03F271C385B35004EA436 /* NotoSans-Bold.ttf in Resources */ = {isa = PBXBuildFile; fileRef = 26D03F231C385B35004EA436 /* NotoSans-Bold.ttf */; };
		26D03F281C385B35004EA436 /* NotoSans-BoldItalic.ttf in Resources */ = {isa = PBXBuildFile; fileRef = 26D03F241C385B35004EA436 /* NotoSans-BoldItalic.ttf */; };
		26D03F291C385B35004EA436 /* NotoSans-Italic.ttf in Resources */ = {isa = PBXBuildFile; fileRef = 26D03F251C385B35004EA436 /* NotoSans-Italic.ttf */; };
		26D03F2A1C385B35004EA436 /* NotoSans-Regular.ttf in Resources */ = {isa = PBXBuildFile; fileRef = 26D03F261C385B35004EA436 /* NotoSans-Regular.ttf */; };
		26D03F2C1C385F03004EA436 /* MaterialView.swift in Sources */ = {isa = PBXBuildFile; fileRef = 26D03F2B1C385F03004EA436 /* MaterialView.swift */; };
		26D03F2F1C385F4C004EA436 /* Constants.swift in Sources */ = {isa = PBXBuildFile; fileRef = 26D03F2E1C385F4C004EA436 /* Constants.swift */; };
		26D03F311C386354004EA436 /* MaterialButton.swift in Sources */ = {isa = PBXBuildFile; fileRef = 26D03F301C386354004EA436 /* MaterialButton.swift */; };
		26D03F331C386713004EA436 /* MaterialTextField.swift in Sources */ = {isa = PBXBuildFile; fileRef = 26D03F321C386713004EA436 /* MaterialTextField.swift */; };
		26D03F381C386D72004EA436 /* Bolts.framework in Frameworks */ = {isa = PBXBuildFile; fileRef = 26D03F351C386D72004EA436 /* Bolts.framework */; };
		26D03F391C386D72004EA436 /* FBSDKCoreKit.framework in Frameworks */ = {isa = PBXBuildFile; fileRef = 26D03F361C386D72004EA436 /* FBSDKCoreKit.framework */; };
		26D03F3A1C386D72004EA436 /* FBSDKLoginKit.framework in Frameworks */ = {isa = PBXBuildFile; fileRef = 26D03F371C386D72004EA436 /* FBSDKLoginKit.framework */; };
		26F511F71C39C4D20053B98C /* FeedVC.swift in Sources */ = {isa = PBXBuildFile; fileRef = 26F511F61C39C4D20053B98C /* FeedVC.swift */; };
		26F511F91C39C5E40053B98C /* PostCell.swift in Sources */ = {isa = PBXBuildFile; fileRef = 26F511F81C39C5E40053B98C /* PostCell.swift */; };
		797964D70A17225526B59D32 /* Pods_digi_life_showcase.framework in Frameworks */ = {isa = PBXBuildFile; fileRef = AEA766EE452B11554D9077F8 /* Pods_digi_life_showcase.framework */; };
/* End PBXBuildFile section */

/* Begin PBXFileReference section */
		04D8158CD7484B56959125D9 /* Pods-digi-life-showcase.release.xcconfig */ = {isa = PBXFileReference; includeInIndex = 1; lastKnownFileType = text.xcconfig; name = "Pods-digi-life-showcase.release.xcconfig"; path = "Pods/Target Support Files/Pods-digi-life-showcase/Pods-digi-life-showcase.release.xcconfig"; sourceTree = "<group>"; };
		2612E2C91C387773000720CC /* DataService.swift */ = {isa = PBXFileReference; fileEncoding = 4; lastKnownFileType = sourcecode.swift; path = DataService.swift; sourceTree = "<group>"; };
		26D03F0A1C385AF3004EA436 /* digi-life-showcase.app */ = {isa = PBXFileReference; explicitFileType = wrapper.application; includeInIndex = 0; path = "digi-life-showcase.app"; sourceTree = BUILT_PRODUCTS_DIR; };
		26D03F0D1C385AF3004EA436 /* AppDelegate.swift */ = {isa = PBXFileReference; lastKnownFileType = sourcecode.swift; path = AppDelegate.swift; sourceTree = "<group>"; };
		26D03F0F1C385AF3004EA436 /* ViewController.swift */ = {isa = PBXFileReference; lastKnownFileType = sourcecode.swift; path = ViewController.swift; sourceTree = "<group>"; };
		26D03F121C385AF3004EA436 /* Base */ = {isa = PBXFileReference; lastKnownFileType = file.storyboard; name = Base; path = Base.lproj/Main.storyboard; sourceTree = "<group>"; };
		26D03F141C385AF3004EA436 /* Assets.xcassets */ = {isa = PBXFileReference; lastKnownFileType = folder.assetcatalog; path = Assets.xcassets; sourceTree = "<group>"; };
		26D03F171C385AF3004EA436 /* Base */ = {isa = PBXFileReference; lastKnownFileType = file.storyboard; name = Base; path = Base.lproj/LaunchScreen.storyboard; sourceTree = "<group>"; };
		26D03F191C385AF3004EA436 /* Info.plist */ = {isa = PBXFileReference; lastKnownFileType = text.plist.xml; path = Info.plist; sourceTree = "<group>"; };
		26D03F231C385B35004EA436 /* NotoSans-Bold.ttf */ = {isa = PBXFileReference; lastKnownFileType = file; path = "NotoSans-Bold.ttf"; sourceTree = "<group>"; };
		26D03F241C385B35004EA436 /* NotoSans-BoldItalic.ttf */ = {isa = PBXFileReference; lastKnownFileType = file; path = "NotoSans-BoldItalic.ttf"; sourceTree = "<group>"; };
		26D03F251C385B35004EA436 /* NotoSans-Italic.ttf */ = {isa = PBXFileReference; lastKnownFileType = file; path = "NotoSans-Italic.ttf"; sourceTree = "<group>"; };
		26D03F261C385B35004EA436 /* NotoSans-Regular.ttf */ = {isa = PBXFileReference; lastKnownFileType = file; path = "NotoSans-Regular.ttf"; sourceTree = "<group>"; };
		26D03F2B1C385F03004EA436 /* MaterialView.swift */ = {isa = PBXFileReference; fileEncoding = 4; lastKnownFileType = sourcecode.swift; path = MaterialView.swift; sourceTree = "<group>"; };
		26D03F2E1C385F4C004EA436 /* Constants.swift */ = {isa = PBXFileReference; fileEncoding = 4; lastKnownFileType = sourcecode.swift; path = Constants.swift; sourceTree = "<group>"; };
		26D03F301C386354004EA436 /* MaterialButton.swift */ = {isa = PBXFileReference; fileEncoding = 4; lastKnownFileType = sourcecode.swift; path = MaterialButton.swift; sourceTree = "<group>"; };
		26D03F321C386713004EA436 /* MaterialTextField.swift */ = {isa = PBXFileReference; fileEncoding = 4; lastKnownFileType = sourcecode.swift; path = MaterialTextField.swift; sourceTree = "<group>"; };
		26D03F351C386D72004EA436 /* Bolts.framework */ = {isa = PBXFileReference; lastKnownFileType = wrapper.framework; path = Bolts.framework; sourceTree = "<group>"; };
		26D03F361C386D72004EA436 /* FBSDKCoreKit.framework */ = {isa = PBXFileReference; lastKnownFileType = wrapper.framework; path = FBSDKCoreKit.framework; sourceTree = "<group>"; };
		26D03F371C386D72004EA436 /* FBSDKLoginKit.framework */ = {isa = PBXFileReference; lastKnownFileType = wrapper.framework; path = FBSDKLoginKit.framework; sourceTree = "<group>"; };
		26F511F61C39C4D20053B98C /* FeedVC.swift */ = {isa = PBXFileReference; fileEncoding = 4; lastKnownFileType = sourcecode.swift; path = FeedVC.swift; sourceTree = "<group>"; };
		26F511F81C39C5E40053B98C /* PostCell.swift */ = {isa = PBXFileReference; fileEncoding = 4; lastKnownFileType = sourcecode.swift; path = PostCell.swift; sourceTree = "<group>"; };
		6D2F2DBB6212E79AF0963DA5 /* Pods-digi-life-showcase.debug.xcconfig */ = {isa = PBXFileReference; includeInIndex = 1; lastKnownFileType = text.xcconfig; name = "Pods-digi-life-showcase.debug.xcconfig"; path = "Pods/Target Support Files/Pods-digi-life-showcase/Pods-digi-life-showcase.debug.xcconfig"; sourceTree = "<group>"; };
		AEA766EE452B11554D9077F8 /* Pods_digi_life_showcase.framework */ = {isa = PBXFileReference; explicitFileType = wrapper.framework; includeInIndex = 0; path = Pods_digi_life_showcase.framework; sourceTree = BUILT_PRODUCTS_DIR; };
/* End PBXFileReference section */

/* Begin PBXFrameworksBuildPhase section */
		26D03F071C385AF3004EA436 /* Frameworks */ = {
			isa = PBXFrameworksBuildPhase;
			buildActionMask = 2147483647;
			files = (
				26D03F381C386D72004EA436 /* Bolts.framework in Frameworks */,
				26D03F391C386D72004EA436 /* FBSDKCoreKit.framework in Frameworks */,
				26D03F3A1C386D72004EA436 /* FBSDKLoginKit.framework in Frameworks */,
				797964D70A17225526B59D32 /* Pods_digi_life_showcase.framework in Frameworks */,
			);
			runOnlyForDeploymentPostprocessing = 0;
		};
/* End PBXFrameworksBuildPhase section */

/* Begin PBXGroup section */
		1223366B912DD5D7ED893628 /* Frameworks */ = {
			isa = PBXGroup;
			children = (
				AEA766EE452B11554D9077F8 /* Pods_digi_life_showcase.framework */,
			);
			name = Frameworks;
			sourceTree = "<group>";
		};
		2612E2C81C38775E000720CC /* Services */ = {
			isa = PBXGroup;
			children = (
				2612E2C91C387773000720CC /* DataService.swift */,
			);
			name = Services;
			sourceTree = "<group>";
		};
		26D03F011C385AF3004EA436 = {
			isa = PBXGroup;
			children = (
				26D03F0C1C385AF3004EA436 /* digi-life-showcase */,
				26D03F0B1C385AF3004EA436 /* Products */,
				ED6DB2220EA808BA68E31F40 /* Pods */,
				1223366B912DD5D7ED893628 /* Frameworks */,
			);
			sourceTree = "<group>";
		};
		26D03F0B1C385AF3004EA436 /* Products */ = {
			isa = PBXGroup;
			children = (
				26D03F0A1C385AF3004EA436 /* digi-life-showcase.app */,
			);
			name = Products;
			sourceTree = "<group>";
		};
		26D03F0C1C385AF3004EA436 /* digi-life-showcase */ = {
			isa = PBXGroup;
			children = (
				2612E2C81C38775E000720CC /* Services */,
				26D03F341C386D62004EA436 /* Frameworks */,
				26D03F2D1C385F3B004EA436 /* Util */,
				26D03F211C385B0F004EA436 /* Model */,
				26D03F201C385B0A004EA436 /* View */,
				26D03F1F1C385B03004EA436 /* Controller */,
				26D03F221C385B15004EA436 /* Resources */,
				26D03F0D1C385AF3004EA436 /* AppDelegate.swift */,
				26D03F111C385AF3004EA436 /* Main.storyboard */,
				26D03F141C385AF3004EA436 /* Assets.xcassets */,
				26D03F161C385AF3004EA436 /* LaunchScreen.storyboard */,
				26D03F191C385AF3004EA436 /* Info.plist */,
			);
			path = "digi-life-showcase";
			sourceTree = "<group>";
		};
		26D03F1F1C385B03004EA436 /* Controller */ = {
			isa = PBXGroup;
			children = (
				26D03F0F1C385AF3004EA436 /* ViewController.swift */,
				26F511F61C39C4D20053B98C /* FeedVC.swift */,
			);
			name = Controller;
			sourceTree = "<group>";
		};
		26D03F201C385B0A004EA436 /* View */ = {
			isa = PBXGroup;
			children = (
				26D03F2B1C385F03004EA436 /* MaterialView.swift */,
				26D03F301C386354004EA436 /* MaterialButton.swift */,
				26D03F321C386713004EA436 /* MaterialTextField.swift */,
				26F511F81C39C5E40053B98C /* PostCell.swift */,
			);
			name = View;
			sourceTree = "<group>";
		};
		26D03F211C385B0F004EA436 /* Model */ = {
			isa = PBXGroup;
			children = (
			);
			name = Model;
			sourceTree = "<group>";
		};
		26D03F221C385B15004EA436 /* Resources */ = {
			isa = PBXGroup;
			children = (
				26D03F231C385B35004EA436 /* NotoSans-Bold.ttf */,
				26D03F241C385B35004EA436 /* NotoSans-BoldItalic.ttf */,
				26D03F251C385B35004EA436 /* NotoSans-Italic.ttf */,
				26D03F261C385B35004EA436 /* NotoSans-Regular.ttf */,
			);
			name = Resources;
			sourceTree = "<group>";
		};
		26D03F2D1C385F3B004EA436 /* Util */ = {
			isa = PBXGroup;
			children = (
				26D03F2E1C385F4C004EA436 /* Constants.swift */,
			);
			name = Util;
			sourceTree = "<group>";
		};
		26D03F341C386D62004EA436 /* Frameworks */ = {
			isa = PBXGroup;
			children = (
				26D03F351C386D72004EA436 /* Bolts.framework */,
				26D03F361C386D72004EA436 /* FBSDKCoreKit.framework */,
				26D03F371C386D72004EA436 /* FBSDKLoginKit.framework */,
			);
			name = Frameworks;
			sourceTree = "<group>";
		};
		ED6DB2220EA808BA68E31F40 /* Pods */ = {
			isa = PBXGroup;
			children = (
				6D2F2DBB6212E79AF0963DA5 /* Pods-digi-life-showcase.debug.xcconfig */,
				04D8158CD7484B56959125D9 /* Pods-digi-life-showcase.release.xcconfig */,
			);
			name = Pods;
			sourceTree = "<group>";
		};
/* End PBXGroup section */

/* Begin PBXNativeTarget section */
		26D03F091C385AF3004EA436 /* digi-life-showcase */ = {
			isa = PBXNativeTarget;
			buildConfigurationList = 26D03F1C1C385AF3004EA436 /* Build configuration list for PBXNativeTarget "digi-life-showcase" */;
			buildPhases = (
				0F3BD7EC26F2417310422620 /* Check Pods Manifest.lock */,
				26D03F061C385AF3004EA436 /* Sources */,
				26D03F071C385AF3004EA436 /* Frameworks */,
				26D03F081C385AF3004EA436 /* Resources */,
				CC4B60C498DD69A87E63F75D /* Embed Pods Frameworks */,
				E9C3282BF23991170C84B32B /* Copy Pods Resources */,
			);
			buildRules = (
			);
			dependencies = (
			);
			name = "digi-life-showcase";
			productName = "digi-life-showcase";
			productReference = 26D03F0A1C385AF3004EA436 /* digi-life-showcase.app */;
			productType = "com.apple.product-type.application";
		};
/* End PBXNativeTarget section */

/* Begin PBXProject section */
		26D03F021C385AF3004EA436 /* Project object */ = {
			isa = PBXProject;
			attributes = {
				LastSwiftUpdateCheck = 0720;
				LastUpgradeCheck = 0720;
				ORGANIZATIONNAME = "Maynesoft LLC";
				TargetAttributes = {
					26D03F091C385AF3004EA436 = {
						CreatedOnToolsVersion = 7.2;
					};
				};
			};
			buildConfigurationList = 26D03F051C385AF3004EA436 /* Build configuration list for PBXProject "digi-life-showcase" */;
			compatibilityVersion = "Xcode 3.2";
			developmentRegion = English;
			hasScannedForEncodings = 0;
			knownRegions = (
				en,
				Base,
			);
			mainGroup = 26D03F011C385AF3004EA436;
			productRefGroup = 26D03F0B1C385AF3004EA436 /* Products */;
			projectDirPath = "";
			projectRoot = "";
			targets = (
				26D03F091C385AF3004EA436 /* digi-life-showcase */,
			);
		};
/* End PBXProject section */

/* Begin PBXResourcesBuildPhase section */
		26D03F081C385AF3004EA436 /* Resources */ = {
			isa = PBXResourcesBuildPhase;
			buildActionMask = 2147483647;
			files = (
				26D03F271C385B35004EA436 /* NotoSans-Bold.ttf in Resources */,
				26D03F181C385AF3004EA436 /* LaunchScreen.storyboard in Resources */,
				26D03F281C385B35004EA436 /* NotoSans-BoldItalic.ttf in Resources */,
				26D03F291C385B35004EA436 /* NotoSans-Italic.ttf in Resources */,
				26D03F151C385AF3004EA436 /* Assets.xcassets in Resources */,
				26D03F131C385AF3004EA436 /* Main.storyboard in Resources */,
				26D03F2A1C385B35004EA436 /* NotoSans-Regular.ttf in Resources */,
			);
			runOnlyForDeploymentPostprocessing = 0;
		};
/* End PBXResourcesBuildPhase section */

/* Begin PBXShellScriptBuildPhase section */
		0F3BD7EC26F2417310422620 /* Check Pods Manifest.lock */ = {
			isa = PBXShellScriptBuildPhase;
			buildActionMask = 2147483647;
			files = (
			);
			inputPaths = (
			);
			name = "Check Pods Manifest.lock";
			outputPaths = (
			);
			runOnlyForDeploymentPostprocessing = 0;
			shellPath = /bin/sh;
			shellScript = "diff \"${PODS_ROOT}/../Podfile.lock\" \"${PODS_ROOT}/Manifest.lock\" > /dev/null\nif [[ $? != 0 ]] ; then\n    cat << EOM\nerror: The sandbox is not in sync with the Podfile.lock. Run 'pod install' or update your CocoaPods installation.\nEOM\n    exit 1\nfi\n";
			showEnvVarsInLog = 0;
		};
		CC4B60C498DD69A87E63F75D /* Embed Pods Frameworks */ = {
			isa = PBXShellScriptBuildPhase;
			buildActionMask = 2147483647;
			files = (
			);
			inputPaths = (
			);
			name = "Embed Pods Frameworks";
			outputPaths = (
			);
			runOnlyForDeploymentPostprocessing = 0;
			shellPath = /bin/sh;
			shellScript = "\"${SRCROOT}/Pods/Target Support Files/Pods-digi-life-showcase/Pods-digi-life-showcase-frameworks.sh\"\n";
			showEnvVarsInLog = 0;
		};
		E9C3282BF23991170C84B32B /* Copy Pods Resources */ = {
			isa = PBXShellScriptBuildPhase;
			buildActionMask = 2147483647;
			files = (
			);
			inputPaths = (
			);
			name = "Copy Pods Resources";
			outputPaths = (
			);
			runOnlyForDeploymentPostprocessing = 0;
			shellPath = /bin/sh;
			shellScript = "\"${SRCROOT}/Pods/Target Support Files/Pods-digi-life-showcase/Pods-digi-life-showcase-resources.sh\"\n";
			showEnvVarsInLog = 0;
		};
/* End PBXShellScriptBuildPhase section */

/* Begin PBXSourcesBuildPhase section */
		26D03F061C385AF3004EA436 /* Sources */ = {
			isa = PBXSourcesBuildPhase;
			buildActionMask = 2147483647;
			files = (
				26D03F331C386713004EA436 /* MaterialTextField.swift in Sources */,
				2612E2CA1C387773000720CC /* DataService.swift in Sources */,
				26D03F2C1C385F03004EA436 /* MaterialView.swift in Sources */,
				26D03F101C385AF3004EA436 /* ViewController.swift in Sources */,
				26F511F71C39C4D20053B98C /* FeedVC.swift in Sources */,
				26F511F91C39C5E40053B98C /* PostCell.swift in Sources */,
				26D03F0E1C385AF3004EA436 /* AppDelegate.swift in Sources */,
				26D03F2F1C385F4C004EA436 /* Constants.swift in Sources */,
				26D03F311C386354004EA436 /* MaterialButton.swift in Sources */,
			);
			runOnlyForDeploymentPostprocessing = 0;
		};
/* End PBXSourcesBuildPhase section */

/* Begin PBXVariantGroup section */
		26D03F111C385AF3004EA436 /* Main.storyboard */ = {
			isa = PBXVariantGroup;
			children = (
				26D03F121C385AF3004EA436 /* Base */,
			);
			name = Main.storyboard;
			sourceTree = "<group>";
		};
		26D03F161C385AF3004EA436 /* LaunchScreen.storyboard */ = {
			isa = PBXVariantGroup;
			children = (
				26D03F171C385AF3004EA436 /* Base */,
			);
			name = LaunchScreen.storyboard;
			sourceTree = "<group>";
		};
/* End PBXVariantGroup section */

/* Begin XCBuildConfiguration section */
		26D03F1A1C385AF3004EA436 /* Debug */ = {
			isa = XCBuildConfiguration;
			buildSettings = {
				ALWAYS_SEARCH_USER_PATHS = NO;
				CLANG_CXX_LANGUAGE_STANDARD = "gnu++0x";
				CLANG_CXX_LIBRARY = "libc++";
				CLANG_ENABLE_MODULES = YES;
				CLANG_ENABLE_OBJC_ARC = YES;
				CLANG_WARN_BOOL_CONVERSION = YES;
				CLANG_WARN_CONSTANT_CONVERSION = YES;
				CLANG_WARN_DIRECT_OBJC_ISA_USAGE = YES_ERROR;
				CLANG_WARN_EMPTY_BODY = YES;
				CLANG_WARN_ENUM_CONVERSION = YES;
				CLANG_WARN_INT_CONVERSION = YES;
				CLANG_WARN_OBJC_ROOT_CLASS = YES_ERROR;
				CLANG_WARN_UNREACHABLE_CODE = YES;
				CLANG_WARN__DUPLICATE_METHOD_MATCH = YES;
				"CODE_SIGN_IDENTITY[sdk=iphoneos*]" = "iPhone Developer";
				COPY_PHASE_STRIP = NO;
				DEBUG_INFORMATION_FORMAT = dwarf;
				ENABLE_STRICT_OBJC_MSGSEND = YES;
				ENABLE_TESTABILITY = YES;
				GCC_C_LANGUAGE_STANDARD = gnu99;
				GCC_DYNAMIC_NO_PIC = NO;
				GCC_NO_COMMON_BLOCKS = YES;
				GCC_OPTIMIZATION_LEVEL = 0;
				GCC_PREPROCESSOR_DEFINITIONS = (
					"DEBUG=1",
					"$(inherited)",
				);
				GCC_WARN_64_TO_32_BIT_CONVERSION = YES;
				GCC_WARN_ABOUT_RETURN_TYPE = YES_ERROR;
				GCC_WARN_UNDECLARED_SELECTOR = YES;
				GCC_WARN_UNINITIALIZED_AUTOS = YES_AGGRESSIVE;
				GCC_WARN_UNUSED_FUNCTION = YES;
				GCC_WARN_UNUSED_VARIABLE = YES;
				IPHONEOS_DEPLOYMENT_TARGET = 9.2;
				MTL_ENABLE_DEBUG_INFO = YES;
				ONLY_ACTIVE_ARCH = YES;
				SDKROOT = iphoneos;
				SWIFT_OPTIMIZATION_LEVEL = "-Onone";
				TARGETED_DEVICE_FAMILY = "1,2";
			};
			name = Debug;
		};
		26D03F1B1C385AF3004EA436 /* Release */ = {
			isa = XCBuildConfiguration;
			buildSettings = {
				ALWAYS_SEARCH_USER_PATHS = NO;
				CLANG_CXX_LANGUAGE_STANDARD = "gnu++0x";
				CLANG_CXX_LIBRARY = "libc++";
				CLANG_ENABLE_MODULES = YES;
				CLANG_ENABLE_OBJC_ARC = YES;
				CLANG_WARN_BOOL_CONVERSION = YES;
				CLANG_WARN_CONSTANT_CONVERSION = YES;
				CLANG_WARN_DIRECT_OBJC_ISA_USAGE = YES_ERROR;
				CLANG_WARN_EMPTY_BODY = YES;
				CLANG_WARN_ENUM_CONVERSION = YES;
				CLANG_WARN_INT_CONVERSION = YES;
				CLANG_WARN_OBJC_ROOT_CLASS = YES_ERROR;
				CLANG_WARN_UNREACHABLE_CODE = YES;
				CLANG_WARN__DUPLICATE_METHOD_MATCH = YES;
				"CODE_SIGN_IDENTITY[sdk=iphoneos*]" = "iPhone Developer";
				COPY_PHASE_STRIP = NO;
				DEBUG_INFORMATION_FORMAT = "dwarf-with-dsym";
				ENABLE_NS_ASSERTIONS = NO;
				ENABLE_STRICT_OBJC_MSGSEND = YES;
				GCC_C_LANGUAGE_STANDARD = gnu99;
				GCC_NO_COMMON_BLOCKS = YES;
				GCC_WARN_64_TO_32_BIT_CONVERSION = YES;
				GCC_WARN_ABOUT_RETURN_TYPE = YES_ERROR;
				GCC_WARN_UNDECLARED_SELECTOR = YES;
				GCC_WARN_UNINITIALIZED_AUTOS = YES_AGGRESSIVE;
				GCC_WARN_UNUSED_FUNCTION = YES;
				GCC_WARN_UNUSED_VARIABLE = YES;
				IPHONEOS_DEPLOYMENT_TARGET = 9.2;
				MTL_ENABLE_DEBUG_INFO = NO;
				SDKROOT = iphoneos;
				TARGETED_DEVICE_FAMILY = "1,2";
				VALIDATE_PRODUCT = YES;
			};
			name = Release;
		};
		26D03F1D1C385AF3004EA436 /* Debug */ = {
			isa = XCBuildConfiguration;
			baseConfigurationReference = 6D2F2DBB6212E79AF0963DA5 /* Pods-digi-life-showcase.debug.xcconfig */;
			buildSettings = {
				ASSETCATALOG_COMPILER_APPICON_NAME = AppIcon;
				FRAMEWORK_SEARCH_PATHS = (
					"$(inherited)",
					"$(PROJECT_DIR)/digi-life-showcase",
				);
				INFOPLIST_FILE = "digi-life-showcase/Info.plist";
				LD_RUNPATH_SEARCH_PATHS = "$(inherited) @executable_path/Frameworks";
				PRODUCT_BUNDLE_IDENTIFIER = "com.maynesoft.digi-life-showcase";
				PRODUCT_NAME = "$(TARGET_NAME)";
			};
			name = Debug;
		};
		26D03F1E1C385AF3004EA436 /* Release */ = {
			isa = XCBuildConfiguration;
			baseConfigurationReference = 04D8158CD7484B56959125D9 /* Pods-digi-life-showcase.release.xcconfig */;
			buildSettings = {
				ASSETCATALOG_COMPILER_APPICON_NAME = AppIcon;
				FRAMEWORK_SEARCH_PATHS = (
					"$(inherited)",
					"$(PROJECT_DIR)/digi-life-showcase",
				);
				INFOPLIST_FILE = "digi-life-showcase/Info.plist";
				LD_RUNPATH_SEARCH_PATHS = "$(inherited) @executable_path/Frameworks";
				PRODUCT_BUNDLE_IDENTIFIER = "com.maynesoft.digi-life-showcase";
				PRODUCT_NAME = "$(TARGET_NAME)";
			};
			name = Release;
		};
/* End XCBuildConfiguration section */

/* Begin XCConfigurationList section */
		26D03F051C385AF3004EA436 /* Build configuration list for PBXProject "digi-life-showcase" */ = {
			isa = XCConfigurationList;
			buildConfigurations = (
				26D03F1A1C385AF3004EA436 /* Debug */,
				26D03F1B1C385AF3004EA436 /* Release */,
			);
			defaultConfigurationIsVisible = 0;
			defaultConfigurationName = Release;
		};
		26D03F1C1C385AF3004EA436 /* Build configuration list for PBXNativeTarget "digi-life-showcase" */ = {
			isa = XCConfigurationList;
			buildConfigurations = (
				26D03F1D1C385AF3004EA436 /* Debug */,
				26D03F1E1C385AF3004EA436 /* Release */,
			);
			defaultConfigurationIsVisible = 0;
			defaultConfigurationName = Release;
		};
/* End XCConfigurationList section */
	};
	rootObject = 26D03F021C385AF3004EA436 /* Project object */;
}
